
Microsoft Visual Studio Solution File, Format Version 12.00
# Visual Studio Version 17
VisualStudioVersion = 17.1.31911.260
MinimumVisualStudioVersion = 10.0.40219.1
Project("{FAE04EC0-301F-11D3-BF4B-00C04F79EFBC}") = "LinqTask", "LinqTask\LinqTask.csproj", "{12A5BDF7-7080-447A-BD5E-85AB82B242B9}"
EndProject
Global
	GlobalSection(SolutionConfigurationPlatforms) = preSolution
		Debug|Any CPU = Debug|Any CPU
		Release|Any CPU = Release|Any CPU
	EndGlobalSection
	GlobalSection(ProjectConfigurationPlatforms) = postSolution
		{12A5BDF7-7080-447A-BD5E-85AB82B242B9}.Debug|Any CPU.ActiveCfg = Debug|Any CPU
		{12A5BDF7-7080-447A-BD5E-85AB82B242B9}.Debug|Any CPU.Build.0 = Debug|Any CPU
		{12A5BDF7-7080-447A-BD5E-85AB82B242B9}.Release|Any CPU.ActiveCfg = Release|Any CPU
		{12A5BDF7-7080-447A-BD5E-85AB82B242B9}.Release|Any CPU.Build.0 = Release|Any CPU
	EndGlobalSection
	GlobalSection(SolutionProperties) = preSolution
		HideSolutionNode = FALSE
	EndGlobalSection
	GlobalSection(ExtensibilityGlobals) = postSolution
		SolutionGuid = {A7DBD230-70A7-473C-93EC-28D15D42F347}
	EndGlobalSection
EndGlobal
